
Microsoft Visual Studio Solution File, Format Version 11.00
# Visual Studio 2010
Project("{FAE04EC0-301F-11D3-BF4B-00C04F79EFBC}") = "IP Multi tool V4", "IP Multi tool V4.csproj", "{B3E79B0A-EEB5-4ABF-A48F-887652E2BF8D}"
EndProject
Global
	GlobalSection(SolutionConfigurationPlatforms) = preSolution
		Debug|Any CPU = Debug|Any CPU
		Release|Any CPU = Release|Any CPU
	EndGlobalSection
	GlobalSection(ProjectConfigurationPlatforms) = postSolution
		{B3E79B0A-EEB5-4ABF-A48F-887652E2BF8D}.Debug|Any CPU.ActiveCfg = Debug|Any CPU
		{B3E79B0A-EEB5-4ABF-A48F-887652E2BF8D}.Debug|Any CPU.Build.0 = Debug|Any CPU
		{B3E79B0A-EEB5-4ABF-A48F-887652E2BF8D}.Release|Any CPU.ActiveCfg = Release|Any CPU
		{B3E79B0A-EEB5-4ABF-A48F-887652E2BF8D}.Release|Any CPU.Build.0 = Release|Any CPU
	EndGlobalSection
	GlobalSection(SolutionProperties) = preSolution
		HideSolutionNode = FALSE
	EndGlobalSection
EndGlobal
